<?xml version="1.0" encoding="utf-8"?>
<Project ToolsVersion="4.0" xmlns="http://schemas.microsoft.com/developer/msbuild/2003">
  <ItemGroup>
    <Filter Include="Pliki źródłowe">
      <UniqueIdentifier>{4FC737F1-C7A5-4376-A066-2A32D752A2FF}</UniqueIdentifier>
      <Extensions>cpp;c;cc;cxx;c++;cppm;ixx;def;odl;idl;hpj;bat;asm;asmx</Extensions>
    </Filter>
    <Filter Include="Pliki nagłówkowe">
      <UniqueIdentifier>{93995380-89BD-4b04-88EB-625FBE52EBFB}</UniqueIdentifier>
      <Extensions>h;hh;hpp;hxx;h++;hm;inl;inc;ipp;xsd</Extensions>
    </Filter>
    <Filter Include="Pliki zasobów">
      <UniqueIdentifier>{67DA6AB6-F800-4c08-8B7A-83BB121AAD01}</UniqueIdentifier>
      <Extensions>rc;ico;cur;bmp;dlg;rc2;rct;bin;rgs;gif;jpg;jpeg;jpe;resx;tiff;tif;png;wav;mfcribbon-ms</Extensions>
    </Filter>
    <Filter Include="Pliki nagłówkowe\external">
      <UniqueIdentifier>{baf4512d-dc22-4675-a070-828f9fe123c4}</UniqueIdentifier>
    </Filter>
    <Filter Include="Pliki nagłówkowe\external\imgui">
      <UniqueIdentifier>{53443d37-4b8f-4241-8933-317766b1731f}</UniqueIdentifier>
    </Filter>
    <Filter Include="Pliki źródłowe\external">
      <UniqueIdentifier>{9ea7ec38-7363-4f95-8b80-d1cea3520472}</UniqueIdentifier>
    </Filter>
    <Filter Include="Pliki źródłowe\external\imgui">
      <UniqueIdentifier>{6c0d0727-aa2a-47d5-ba65-013b9593df23}</UniqueIdentifier>
    </Filter>
    <Filter Include="Pliki nagłówkowe\external\sdl">
      <UniqueIdentifier>{6c981b12-342f-4c8b-9957-3d7b2b257028}</UniqueIdentifier>
    </Filter>
    <Filter Include="Pliki nagłówkowe\external\sdl\centurion">
      <UniqueIdentifier>{fbb6717b-c1a4-4aa0-95c1-9ec3c2df370d}</UniqueIdentifier>
    </Filter>
    <Filter Include="Pliki nagłówkowe\external\glew">
      <UniqueIdentifier>{daf3ea81-2296-46f9-b3d8-efdcc001ed39}</UniqueIdentifier>
    </Filter>
    <Filter Include="Pliki nagłówkowe\external\glm">
      <UniqueIdentifier>{3b794400-26fd-4ec4-9665-bbeead7f7389}</UniqueIdentifier>
    </Filter>
    <Filter Include="Pliki nagłówkowe\external\glm\simd">
      <UniqueIdentifier>{22fe325c-57fa-4c37-adc2-64048e732c3f}</UniqueIdentifier>
    </Filter>
    <Filter Include="Pliki nagłówkowe\external\glm\gtx">
      <UniqueIdentifier>{614247e9-341c-4759-87e4-b15664f23170}</UniqueIdentifier>
    </Filter>
    <Filter Include="Pliki nagłówkowe\external\glm\gtc">
      <UniqueIdentifier>{ea2def76-de2f-4d88-9728-39c82d8f33b7}</UniqueIdentifier>
    </Filter>
    <Filter Include="Pliki nagłówkowe\external\glm\ext">
      <UniqueIdentifier>{a25586f6-d781-49a2-bf02-a12d121d281e}</UniqueIdentifier>
    </Filter>
    <Filter Include="Pliki nagłówkowe\external\glm\detail">
      <UniqueIdentifier>{13ad7056-470f-4fe0-9e66-01c8982b867f}</UniqueIdentifier>
    </Filter>
    <Filter Include="Pliki źródłowe\external\glm">
      <UniqueIdentifier>{52b6458a-c093-43a3-b4c8-f613a4aaeea6}</UniqueIdentifier>
    </Filter>
    <Filter Include="Pliki źródłowe\external\glm\detail">
      <UniqueIdentifier>{324fa1b7-1384-49ab-a9f4-336d837d0d68}</UniqueIdentifier>
    </Filter>
  </ItemGroup>
  <ItemGroup>
    <ClCompile Include="src\main.cpp">
      <Filter>Pliki źródłowe</Filter>
    </ClCompile>
    <ClCompile Include="external\imgui\imgui.cpp">
      <Filter>Pliki źródłowe\external\imgui</Filter>
    </ClCompile>
    <ClCompile Include="external\imgui\imgui_draw.cpp">
      <Filter>Pliki źródłowe\external\imgui</Filter>
    </ClCompile>
    <ClCompile Include="external\imgui\imgui_tables.cpp">
      <Filter>Pliki źródłowe\external\imgui</Filter>
    </ClCompile>
    <ClCompile Include="external\imgui\imgui_widgets.cpp">
      <Filter>Pliki źródłowe\external\imgui</Filter>
    </ClCompile>
    <ClCompile Include="external\imgui\imgui_demo.cpp">
      <Filter>Pliki źródłowe\external\imgui</Filter>
    </ClCompile>
    <ClCompile Include="external\imgui\imgui_impl_opengl3.cpp">
      <Filter>Pliki źródłowe\external\imgui</Filter>
    </ClCompile>
    <ClCompile Include="external\imgui\imgui_impl_win32.cpp">
      <Filter>Pliki źródłowe\external\imgui</Filter>
    </ClCompile>
    <ClCompile Include="external\imgui\imgui_impl_sdl2.cpp">
      <Filter>Pliki źródłowe\external\imgui</Filter>
    </ClCompile>
    <ClCompile Include="external\imgui\imgui_impl_sdlrenderer2.cpp">
      <Filter>Pliki źródłowe\external\imgui</Filter>
    </ClCompile>
    <ClCompile Include="external\glm\detail\glm.cpp">
      <Filter>Pliki źródłowe\external\glm\detail</Filter>
    </ClCompile>
  </ItemGroup>
  <ItemGroup>
    <ClInclude Include="external\imgui\imconfig.h">
      <Filter>Pliki nagłówkowe\external\imgui</Filter>
    </ClInclude>
    <ClInclude Include="external\imgui\imgui.h">
      <Filter>Pliki nagłówkowe\external\imgui</Filter>
    </ClInclude>
    <ClInclude Include="external\imgui\imgui_internal.h">
      <Filter>Pliki nagłówkowe\external\imgui</Filter>
    </ClInclude>
    <ClInclude Include="external\imgui\imstb_rectpack.h">
      <Filter>Pliki nagłówkowe\external\imgui</Filter>
    </ClInclude>
    <ClInclude Include="external\imgui\imstb_textedit.h">
      <Filter>Pliki nagłówkowe\external\imgui</Filter>
    </ClInclude>
    <ClInclude Include="external\imgui\imstb_truetype.h">
      <Filter>Pliki nagłówkowe\external\imgui</Filter>
    </ClInclude>
    <ClInclude Include="external\imgui\imgui_impl_opengl3.h">
      <Filter>Pliki nagłówkowe\external\imgui</Filter>
    </ClInclude>
    <ClInclude Include="external\imgui\imgui_impl_opengl3_loader.h">
      <Filter>Pliki nagłówkowe\external\imgui</Filter>
    </ClInclude>
    <ClInclude Include="external\imgui\imgui_impl_win32.h">
      <Filter>Pliki nagłówkowe\external\imgui</Filter>
    </ClInclude>
    <ClInclude Include="external\centurion\fonts.hpp">
      <Filter>Pliki nagłówkowe\external\sdl\centurion</Filter>
    </ClInclude>
    <ClInclude Include="external\centurion\fwd.hpp">
      <Filter>Pliki nagłówkowe\external\sdl\centurion</Filter>
    </ClInclude>
    <ClInclude Include="external\centurion\initialization.hpp">
      <Filter>Pliki nagłówkowe\external\sdl\centurion</Filter>
    </ClInclude>
    <ClInclude Include="external\centurion\input.hpp">
      <Filter>Pliki nagłówkowe\external\sdl\centurion</Filter>
    </ClInclude>
    <ClInclude Include="external\centurion\io.hpp">
      <Filter>Pliki nagłówkowe\external\sdl\centurion</Filter>
    </ClInclude>
    <ClInclude Include="external\centurion\system.hpp">
      <Filter>Pliki nagłówkowe\external\sdl\centurion</Filter>
    </ClInclude>
    <ClInclude Include="external\centurion\video.hpp">
      <Filter>Pliki nagłówkowe\external\sdl\centurion</Filter>
    </ClInclude>
    <ClInclude Include="external\centurion\audio\fade_status.hpp">
      <Filter>Pliki nagłówkowe\external\sdl\centurion</Filter>
    </ClInclude>
    <ClInclude Include="external\centurion\audio\music.hpp">
      <Filter>Pliki nagłówkowe\external\sdl\centurion</Filter>
    </ClInclude>
    <ClInclude Include="external\centurion\audio\music_type.hpp">
      <Filter>Pliki nagłówkowe\external\sdl\centurion</Filter>
    </ClInclude>
    <ClInclude Include="external\centurion\audio\sound_effect.hpp">
      <Filter>Pliki nagłówkowe\external\sdl\centurion</Filter>
    </ClInclude>
    <ClInclude Include="external\centurion\common\errors.hpp">
      <Filter>Pliki nagłówkowe\external\sdl\centurion</Filter>
    </ClInclude>
    <ClInclude Include="external\centurion\common\literals.hpp">
      <Filter>Pliki nagłówkowe\external\sdl\centurion</Filter>
    </ClInclude>
    <ClInclude Include="external\centurion\common\logging.hpp">
      <Filter>Pliki nagłówkowe\external\sdl\centurion</Filter>
    </ClInclude>
    <ClInclude Include="external\centurion\common\math.hpp">
      <Filter>Pliki nagłówkowe\external\sdl\centurion</Filter>
    </ClInclude>
    <ClInclude Include="external\centurion\common\memory.hpp">
      <Filter>Pliki nagłówkowe\external\sdl\centurion</Filter>
    </ClInclude>
    <ClInclude Include="external\centurion\common\primitives.hpp">
      <Filter>Pliki nagłówkowe\external\sdl\centurion</Filter>
    </ClInclude>
    <ClInclude Include="external\centurion\common\result.hpp">
      <Filter>Pliki nagłówkowe\external\sdl\centurion</Filter>
    </ClInclude>
    <ClInclude Include="external\centurion\common\sdl_string.hpp">
      <Filter>Pliki nagłówkowe\external\sdl\centurion</Filter>
    </ClInclude>
    <ClInclude Include="external\centurion\common\traits.hpp">
      <Filter>Pliki nagłówkowe\external\sdl\centurion</Filter>
    </ClInclude>
    <ClInclude Include="external\centurion\common\utils.hpp">
      <Filter>Pliki nagłówkowe\external\sdl\centurion</Filter>
    </ClInclude>
    <ClInclude Include="external\centurion\common\version.hpp">
      <Filter>Pliki nagłówkowe\external\sdl\centurion</Filter>
    </ClInclude>
    <ClInclude Include="external\centurion\concurrency\condition.hpp">
      <Filter>Pliki nagłówkowe\external\sdl\centurion</Filter>
    </ClInclude>
    <ClInclude Include="external\centurion\concurrency\locks.hpp">
      <Filter>Pliki nagłówkowe\external\sdl\centurion</Filter>
    </ClInclude>
    <ClInclude Include="external\centurion\concurrency\mutex.hpp">
      <Filter>Pliki nagłówkowe\external\sdl\centurion</Filter>
    </ClInclude>
    <ClInclude Include="external\centurion\concurrency\semaphore.hpp">
      <Filter>Pliki nagłówkowe\external\sdl\centurion</Filter>
    </ClInclude>
    <ClInclude Include="external\centurion\concurrency\thread.hpp">
      <Filter>Pliki nagłówkowe\external\sdl\centurion</Filter>
    </ClInclude>
    <ClInclude Include="external\centurion\detail\array_utils.hpp">
      <Filter>Pliki nagłówkowe\external\sdl\centurion</Filter>
    </ClInclude>
    <ClInclude Include="external\centurion\detail\owner_handle_api.hpp">
      <Filter>Pliki nagłówkowe\external\sdl\centurion</Filter>
    </ClInclude>
    <ClInclude Include="external\centurion\detail\sdl_deleter.hpp">
      <Filter>Pliki nagłówkowe\external\sdl\centurion</Filter>
    </ClInclude>
    <ClInclude Include="external\centurion\detail\sdl_version_at_least.hpp">
      <Filter>Pliki nagłówkowe\external\sdl\centurion</Filter>
    </ClInclude>
    <ClInclude Include="external\centurion\detail\stdlib.hpp">
      <Filter>Pliki nagłówkowe\external\sdl\centurion</Filter>
    </ClInclude>
    <ClInclude Include="external\centurion\detail\tuple_type_index.hpp">
      <Filter>Pliki nagłówkowe\external\sdl\centurion</Filter>
    </ClInclude>
    <ClInclude Include="external\centurion\events\audio_events.hpp">
      <Filter>Pliki nagłówkowe\external\sdl\centurion</Filter>
    </ClInclude>
    <ClInclude Include="external\centurion\events\controller_events.hpp">
      <Filter>Pliki nagłówkowe\external\sdl\centurion</Filter>
    </ClInclude>
    <ClInclude Include="external\centurion\events\event_base.hpp">
      <Filter>Pliki nagłówkowe\external\sdl\centurion</Filter>
    </ClInclude>
    <ClInclude Include="external\centurion\events\event_dispatcher.hpp">
      <Filter>Pliki nagłówkowe\external\sdl\centurion</Filter>
    </ClInclude>
    <ClInclude Include="external\centurion\events\event_handler.hpp">
      <Filter>Pliki nagłówkowe\external\sdl\centurion</Filter>
    </ClInclude>
    <ClInclude Include="external\centurion\events\event_sink.hpp">
      <Filter>Pliki nagłówkowe\external\sdl\centurion</Filter>
    </ClInclude>
    <ClInclude Include="external\centurion\events\event_type.hpp">
      <Filter>Pliki nagłówkowe\external\sdl\centurion</Filter>
    </ClInclude>
    <ClInclude Include="external\centurion\events\joystick_events.hpp">
      <Filter>Pliki nagłówkowe\external\sdl\centurion</Filter>
    </ClInclude>
    <ClInclude Include="external\centurion\events\misc_events.hpp">
      <Filter>Pliki nagłówkowe\external\sdl\centurion</Filter>
    </ClInclude>
    <ClInclude Include="external\centurion\events\mouse_events.hpp">
      <Filter>Pliki nagłówkowe\external\sdl\centurion</Filter>
    </ClInclude>
    <ClInclude Include="external\centurion\events\window_events.hpp">
      <Filter>Pliki nagłówkowe\external\sdl\centurion</Filter>
    </ClInclude>
    <ClInclude Include="external\centurion\fonts\experimental\font_bundle.hpp">
      <Filter>Pliki nagłówkowe\external\sdl\centurion</Filter>
    </ClInclude>
    <ClInclude Include="external\centurion\fonts\font.hpp">
      <Filter>Pliki nagłówkowe\external\sdl\centurion</Filter>
    </ClInclude>
    <ClInclude Include="external\centurion\fonts\font_cache.hpp">
      <Filter>Pliki nagłówkowe\external\sdl\centurion</Filter>
    </ClInclude>
    <ClInclude Include="external\centurion\fonts\font_direction.hpp">
      <Filter>Pliki nagłówkowe\external\sdl\centurion</Filter>
    </ClInclude>
    <ClInclude Include="external\centurion\fonts\font_hint.hpp">
      <Filter>Pliki nagłówkowe\external\sdl\centurion</Filter>
    </ClInclude>
    <ClInclude Include="external\centurion\fonts\wrap_alignment.hpp">
      <Filter>Pliki nagłówkowe\external\sdl\centurion</Filter>
    </ClInclude>
    <ClInclude Include="external\centurion\input\button_state.hpp">
      <Filter>Pliki nagłówkowe\external\sdl\centurion</Filter>
    </ClInclude>
    <ClInclude Include="external\centurion\input\controller.hpp">
      <Filter>Pliki nagłówkowe\external\sdl\centurion</Filter>
    </ClInclude>
    <ClInclude Include="external\centurion\input\joystick.hpp">
      <Filter>Pliki nagłówkowe\external\sdl\centurion</Filter>
    </ClInclude>
    <ClInclude Include="external\centurion\input\keyboard.hpp">
      <Filter>Pliki nagłówkowe\external\sdl\centurion</Filter>
    </ClInclude>
    <ClInclude Include="external\centurion\input\mouse.hpp">
      <Filter>Pliki nagłówkowe\external\sdl\centurion</Filter>
    </ClInclude>
    <ClInclude Include="external\centurion\input\sensor.hpp">
      <Filter>Pliki nagłówkowe\external\sdl\centurion</Filter>
    </ClInclude>
    <ClInclude Include="external\centurion\input\touch.hpp">
      <Filter>Pliki nagłówkowe\external\sdl\centurion</Filter>
    </ClInclude>
    <ClInclude Include="external\centurion\io\file.hpp">
      <Filter>Pliki nagłówkowe\external\sdl\centurion</Filter>
    </ClInclude>
    <ClInclude Include="external\centurion\io\file_mode.hpp">
      <Filter>Pliki nagłówkowe\external\sdl\centurion</Filter>
    </ClInclude>
    <ClInclude Include="external\centurion\io\file_type.hpp">
      <Filter>Pliki nagłówkowe\external\sdl\centurion</Filter>
    </ClInclude>
    <ClInclude Include="external\centurion\io\paths.hpp">
      <Filter>Pliki nagłówkowe\external\sdl\centurion</Filter>
    </ClInclude>
    <ClInclude Include="external\centurion\io\seek_mode.hpp">
      <Filter>Pliki nagłówkowe\external\sdl\centurion</Filter>
    </ClInclude>
    <ClInclude Include="external\centurion\system\clipboard.hpp">
      <Filter>Pliki nagłówkowe\external\sdl\centurion</Filter>
    </ClInclude>
    <ClInclude Include="external\centurion\system\endian.hpp">
      <Filter>Pliki nagłówkowe\external\sdl\centurion</Filter>
    </ClInclude>
    <ClInclude Include="external\centurion\system\locale.hpp">
      <Filter>Pliki nagłówkowe\external\sdl\centurion</Filter>
    </ClInclude>
    <ClInclude Include="external\centurion\system\memory.hpp">
      <Filter>Pliki nagłówkowe\external\sdl\centurion</Filter>
    </ClInclude>
    <ClInclude Include="external\centurion\system\platform.hpp">
      <Filter>Pliki nagłówkowe\external\sdl\centurion</Filter>
    </ClInclude>
    <ClInclude Include="external\centurion\system\power.hpp">
      <Filter>Pliki nagłówkowe\external\sdl\centurion</Filter>
    </ClInclude>
    <ClInclude Include="external\centurion\system\shared_object.hpp">
      <Filter>Pliki nagłówkowe\external\sdl\centurion</Filter>
    </ClInclude>
    <ClInclude Include="external\centurion\system\timer.hpp">
      <Filter>Pliki nagłówkowe\external\sdl\centurion</Filter>
    </ClInclude>
    <ClInclude Include="external\centurion\video\animation.hpp">
      <Filter>Pliki nagłówkowe\external\sdl\centurion</Filter>
    </ClInclude>
    <ClInclude Include="external\centurion\video\blend.hpp">
      <Filter>Pliki nagłówkowe\external\sdl\centurion</Filter>
    </ClInclude>
    <ClInclude Include="external\centurion\video\color.hpp">
      <Filter>Pliki nagłówkowe\external\sdl\centurion</Filter>
    </ClInclude>
    <ClInclude Include="external\centurion\video\display.hpp">
      <Filter>Pliki nagłówkowe\external\sdl\centurion</Filter>
    </ClInclude>
    <ClInclude Include="external\centurion\video\flash_op.hpp">
      <Filter>Pliki nagłówkowe\external\sdl\centurion</Filter>
    </ClInclude>
    <ClInclude Include="external\centurion\video\message_box.hpp">
      <Filter>Pliki nagłówkowe\external\sdl\centurion</Filter>
    </ClInclude>
    <ClInclude Include="external\centurion\video\opengl.hpp">
      <Filter>Pliki nagłówkowe\external\sdl\centurion</Filter>
    </ClInclude>
    <ClInclude Include="external\centurion\video\pixels.hpp">
      <Filter>Pliki nagłówkowe\external\sdl\centurion</Filter>
    </ClInclude>
    <ClInclude Include="external\centurion\video\renderer.hpp">
      <Filter>Pliki nagłówkowe\external\sdl\centurion</Filter>
    </ClInclude>
    <ClInclude Include="external\centurion\video\renderer_info.hpp">
      <Filter>Pliki nagłówkowe\external\sdl\centurion</Filter>
    </ClInclude>
    <ClInclude Include="external\centurion\video\surface.hpp">
      <Filter>Pliki nagłówkowe\external\sdl\centurion</Filter>
    </ClInclude>
    <ClInclude Include="external\centurion\video\texture.hpp">
      <Filter>Pliki nagłówkowe\external\sdl\centurion</Filter>
    </ClInclude>
    <ClInclude Include="external\centurion\video\unicode_string.hpp">
      <Filter>Pliki nagłówkowe\external\sdl\centurion</Filter>
    </ClInclude>
    <ClInclude Include="external\centurion\video\vulkan.hpp">
      <Filter>Pliki nagłówkowe\external\sdl\centurion</Filter>
    </ClInclude>
    <ClInclude Include="external\centurion\video\window.hpp">
      <Filter>Pliki nagłówkowe\external\sdl\centurion</Filter>
    </ClInclude>
    <ClInclude Include="external\centurion\audio.hpp">
      <Filter>Pliki nagłówkowe\external\sdl\centurion</Filter>
    </ClInclude>
    <ClInclude Include="external\centurion\centurion.hpp">
      <Filter>Pliki nagłówkowe\external\sdl\centurion</Filter>
    </ClInclude>
    <ClInclude Include="external\centurion\common.hpp">
      <Filter>Pliki nagłówkowe\external\sdl\centurion</Filter>
    </ClInclude>
    <ClInclude Include="external\centurion\concurrency.hpp">
      <Filter>Pliki nagłówkowe\external\sdl\centurion</Filter>
    </ClInclude>
    <ClInclude Include="external\centurion\events.hpp">
      <Filter>Pliki nagłówkowe\external\sdl\centurion</Filter>
    </ClInclude>
    <ClInclude Include="external\centurion\features.hpp">
      <Filter>Pliki nagłówkowe\external\sdl\centurion</Filter>
    </ClInclude>
    <ClInclude Include="external\imgui\imgui_impl_sdl2.h">
      <Filter>Pliki nagłówkowe\external\imgui</Filter>
    </ClInclude>
    <ClInclude Include="external\imgui\imgui_impl_sdlrenderer2.h">
      <Filter>Pliki nagłówkowe\external\imgui</Filter>
    </ClInclude>
    <ClInclude Include="include\entity.hpp">
      <Filter>Pliki nagłówkowe</Filter>
    </ClInclude>
    <ClInclude Include="include\physics.hpp">
      <Filter>Pliki nagłówkowe</Filter>
    </ClInclude>
    <ClInclude Include="external\glm\common.hpp">
      <Filter>Pliki nagłówkowe\external\glm</Filter>
    </ClInclude>
    <ClInclude Include="external\glm\exponential.hpp">
      <Filter>Pliki nagłówkowe\external\glm</Filter>
    </ClInclude>
    <ClInclude Include="external\glm\ext.hpp">
      <Filter>Pliki nagłówkowe\external\glm</Filter>
    </ClInclude>
    <ClInclude Include="external\glm\fwd.hpp">
      <Filter>Pliki nagłówkowe\external\glm</Filter>
    </ClInclude>
    <ClInclude Include="external\glm\geometric.hpp">
      <Filter>Pliki nagłówkowe\external\glm</Filter>
    </ClInclude>
    <ClInclude Include="external\glm\glm.hpp">
      <Filter>Pliki nagłówkowe\external\glm</Filter>
    </ClInclude>
    <ClInclude Include="external\glm\integer.hpp">
      <Filter>Pliki nagłówkowe\external\glm</Filter>
    </ClInclude>
    <ClInclude Include="external\glm\mat2x2.hpp">
      <Filter>Pliki nagłówkowe\external\glm</Filter>
    </ClInclude>
    <ClInclude Include="external\glm\mat2x3.hpp">
      <Filter>Pliki nagłówkowe\external\glm</Filter>
    </ClInclude>
    <ClInclude Include="external\glm\mat2x4.hpp">
      <Filter>Pliki nagłówkowe\external\glm</Filter>
    </ClInclude>
    <ClInclude Include="external\glm\mat3x2.hpp">
      <Filter>Pliki nagłówkowe\external\glm</Filter>
    </ClInclude>
    <ClInclude Include="external\glm\mat3x3.hpp">
      <Filter>Pliki nagłówkowe\external\glm</Filter>
    </ClInclude>
    <ClInclude Include="external\glm\mat3x4.hpp">
      <Filter>Pliki nagłówkowe\external\glm</Filter>
    </ClInclude>
    <ClInclude Include="external\glm\mat4x2.hpp">
      <Filter>Pliki nagłówkowe\external\glm</Filter>
    </ClInclude>
    <ClInclude Include="external\glm\mat4x3.hpp">
      <Filter>Pliki nagłówkowe\external\glm</Filter>
    </ClInclude>
    <ClInclude Include="external\glm\mat4x4.hpp">
      <Filter>Pliki nagłówkowe\external\glm</Filter>
    </ClInclude>
    <ClInclude Include="external\glm\matrix.hpp">
      <Filter>Pliki nagłówkowe\external\glm</Filter>
    </ClInclude>
    <ClInclude Include="external\glm\packing.hpp">
      <Filter>Pliki nagłówkowe\external\glm</Filter>
    </ClInclude>
    <ClInclude Include="external\glm\trigonometric.hpp">
      <Filter>Pliki nagłówkowe\external\glm</Filter>
    </ClInclude>
    <ClInclude Include="external\glm\vec2.hpp">
      <Filter>Pliki nagłówkowe\external\glm</Filter>
    </ClInclude>
    <ClInclude Include="external\glm\vec3.hpp">
      <Filter>Pliki nagłówkowe\external\glm</Filter>
    </ClInclude>
    <ClInclude Include="external\glm\vec4.hpp">
      <Filter>Pliki nagłówkowe\external\glm</Filter>
    </ClInclude>
    <ClInclude Include="external\glm\vector_relational.hpp">
      <Filter>Pliki nagłówkowe\external\glm</Filter>
    </ClInclude>
    <ClInclude Include="external\glm\simd\common.h">
      <Filter>Pliki nagłówkowe\external\glm\simd</Filter>
    </ClInclude>
    <ClInclude Include="external\glm\simd\exponential.h">
      <Filter>Pliki nagłówkowe\external\glm\simd</Filter>
    </ClInclude>
    <ClInclude Include="external\glm\simd\geometric.h">
      <Filter>Pliki nagłówkowe\external\glm\simd</Filter>
    </ClInclude>
    <ClInclude Include="external\glm\simd\integer.h">
      <Filter>Pliki nagłówkowe\external\glm\simd</Filter>
    </ClInclude>
    <ClInclude Include="external\glm\simd\matrix.h">
      <Filter>Pliki nagłówkowe\external\glm\simd</Filter>
    </ClInclude>
    <ClInclude Include="external\glm\simd\neon.h">
      <Filter>Pliki nagłówkowe\external\glm\simd</Filter>
    </ClInclude>
    <ClInclude Include="external\glm\simd\packing.h">
      <Filter>Pliki nagłówkowe\external\glm\simd</Filter>
    </ClInclude>
    <ClInclude Include="external\glm\simd\platform.h">
      <Filter>Pliki nagłówkowe\external\glm\simd</Filter>
    </ClInclude>
    <ClInclude Include="external\glm\simd\trigonometric.h">
      <Filter>Pliki nagłówkowe\external\glm\simd</Filter>
    </ClInclude>
    <ClInclude Include="external\glm\simd\vector_relational.h">
      <Filter>Pliki nagłówkowe\external\glm\simd</Filter>
    </ClInclude>
    <ClInclude Include="external\glm\gtx\transform.hpp">
      <Filter>Pliki nagłówkowe\external\glm\gtx</Filter>
    </ClInclude>
    <ClInclude Include="external\glm\gtx\transform2.hpp">
      <Filter>Pliki nagłówkowe\external\glm\gtx</Filter>
    </ClInclude>
    <ClInclude Include="external\glm\gtx\type_aligned.hpp">
      <Filter>Pliki nagłówkowe\external\glm\gtx</Filter>
    </ClInclude>
    <ClInclude Include="external\glm\gtx\type_trait.hpp">
      <Filter>Pliki nagłówkowe\external\glm\gtx</Filter>
    </ClInclude>
    <ClInclude Include="external\glm\gtx\vec_swizzle.hpp">
      <Filter>Pliki nagłówkowe\external\glm\gtx</Filter>
    </ClInclude>
    <ClInclude Include="external\glm\gtx\vector_angle.hpp">
      <Filter>Pliki nagłówkowe\external\glm\gtx</Filter>
    </ClInclude>
    <ClInclude Include="external\glm\gtx\vector_query.hpp">
      <Filter>Pliki nagłówkowe\external\glm\gtx</Filter>
    </ClInclude>
    <ClInclude Include="external\glm\gtx\wrap.hpp">
      <Filter>Pliki nagłówkowe\external\glm\gtx</Filter>
    </ClInclude>
    <ClInclude Include="external\glm\gtx\associated_min_max.hpp">
      <Filter>Pliki nagłówkowe\external\glm\gtx</Filter>
    </ClInclude>
    <ClInclude Include="external\glm\gtx\bit.hpp">
      <Filter>Pliki nagłówkowe\external\glm\gtx</Filter>
    </ClInclude>
    <ClInclude Include="external\glm\gtx\closest_point.hpp">
      <Filter>Pliki nagłówkowe\external\glm\gtx</Filter>
    </ClInclude>
    <ClInclude Include="external\glm\gtx\color_encoding.hpp">
      <Filter>Pliki nagłówkowe\external\glm\gtx</Filter>
    </ClInclude>
    <ClInclude Include="external\glm\gtx\color_space.hpp">
      <Filter>Pliki nagłówkowe\external\glm\gtx</Filter>
    </ClInclude>
    <ClInclude Include="external\glm\gtx\color_space_YCoCg.hpp">
      <Filter>Pliki nagłówkowe\external\glm\gtx</Filter>
    </ClInclude>
    <ClInclude Include="external\glm\gtx\common.hpp">
      <Filter>Pliki nagłówkowe\external\glm\gtx</Filter>
    </ClInclude>
    <ClInclude Include="external\glm\gtx\compatibility.hpp">
      <Filter>Pliki nagłówkowe\external\glm\gtx</Filter>
    </ClInclude>
    <ClInclude Include="external\glm\gtx\component_wise.hpp">
      <Filter>Pliki nagłówkowe\external\glm\gtx</Filter>
    </ClInclude>
    <ClInclude Include="external\glm\gtx\dual_quaternion.hpp">
      <Filter>Pliki nagłówkowe\external\glm\gtx</Filter>
    </ClInclude>
    <ClInclude Include="external\glm\gtx\easing.hpp">
      <Filter>Pliki nagłówkowe\external\glm\gtx</Filter>
    </ClInclude>
    <ClInclude Include="external\glm\gtx\euler_angles.hpp">
      <Filter>Pliki nagłówkowe\external\glm\gtx</Filter>
    </ClInclude>
    <ClInclude Include="external\glm\gtx\extend.hpp">
      <Filter>Pliki nagłówkowe\external\glm\gtx</Filter>
    </ClInclude>
    <ClInclude Include="external\glm\gtx\extended_min_max.hpp">
      <Filter>Pliki nagłówkowe\external\glm\gtx</Filter>
    </ClInclude>
    <ClInclude Include="external\glm\gtx\exterior_product.hpp">
      <Filter>Pliki nagłówkowe\external\glm\gtx</Filter>
    </ClInclude>
    <ClInclude Include="external\glm\gtx\fast_exponential.hpp">
      <Filter>Pliki nagłówkowe\external\glm\gtx</Filter>
    </ClInclude>
    <ClInclude Include="external\glm\gtx\fast_square_root.hpp">
      <Filter>Pliki nagłówkowe\external\glm\gtx</Filter>
    </ClInclude>
    <ClInclude Include="external\glm\gtx\fast_trigonometry.hpp">
      <Filter>Pliki nagłówkowe\external\glm\gtx</Filter>
    </ClInclude>
    <ClInclude Include="external\glm\gtx\functions.hpp">
      <Filter>Pliki nagłówkowe\external\glm\gtx</Filter>
    </ClInclude>
    <ClInclude Include="external\glm\gtx\gradient_paint.hpp">
      <Filter>Pliki nagłówkowe\external\glm\gtx</Filter>
    </ClInclude>
    <ClInclude Include="external\glm\gtx\handed_coordinate_space.hpp">
      <Filter>Pliki nagłówkowe\external\glm\gtx</Filter>
    </ClInclude>
    <ClInclude Include="external\glm\gtx\hash.hpp">
      <Filter>Pliki nagłówkowe\external\glm\gtx</Filter>
    </ClInclude>
    <ClInclude Include="external\glm\gtx\integer.hpp">
      <Filter>Pliki nagłówkowe\external\glm\gtx</Filter>
    </ClInclude>
    <ClInclude Include="external\glm\gtx\intersect.hpp">
      <Filter>Pliki nagłówkowe\external\glm\gtx</Filter>
    </ClInclude>
    <ClInclude Include="external\glm\gtx\io.hpp">
      <Filter>Pliki nagłówkowe\external\glm\gtx</Filter>
    </ClInclude>
    <ClInclude Include="external\glm\gtx\log_base.hpp">
      <Filter>Pliki nagłówkowe\external\glm\gtx</Filter>
    </ClInclude>
    <ClInclude Include="external\glm\gtx\matrix_cross_product.hpp">
      <Filter>Pliki nagłówkowe\external\glm\gtx</Filter>
    </ClInclude>
    <ClInclude Include="external\glm\gtx\matrix_decompose.hpp">
      <Filter>Pliki nagłówkowe\external\glm\gtx</Filter>
    </ClInclude>
    <ClInclude Include="external\glm\gtx\matrix_factorisation.hpp">
      <Filter>Pliki nagłówkowe\external\glm\gtx</Filter>
    </ClInclude>
    <ClInclude Include="external\glm\gtx\matrix_interpolation.hpp">
      <Filter>Pliki nagłówkowe\external\glm\gtx</Filter>
    </ClInclude>
    <ClInclude Include="external\glm\gtx\matrix_major_storage.hpp">
      <Filter>Pliki nagłówkowe\external\glm\gtx</Filter>
    </ClInclude>
    <ClInclude Include="external\glm\gtx\matrix_operation.hpp">
      <Filter>Pliki nagłówkowe\external\glm\gtx</Filter>
    </ClInclude>
    <ClInclude Include="external\glm\gtx\matrix_query.hpp">
      <Filter>Pliki nagłówkowe\external\glm\gtx</Filter>
    </ClInclude>
    <ClInclude Include="external\glm\gtx\matrix_transform_2d.hpp">
      <Filter>Pliki nagłówkowe\external\glm\gtx</Filter>
    </ClInclude>
    <ClInclude Include="external\glm\gtx\mixed_product.hpp">
      <Filter>Pliki nagłówkowe\external\glm\gtx</Filter>
    </ClInclude>
    <ClInclude Include="external\glm\gtx\norm.hpp">
      <Filter>Pliki nagłówkowe\external\glm\gtx</Filter>
    </ClInclude>
    <ClInclude Include="external\glm\gtx\normal.hpp">
      <Filter>Pliki nagłówkowe\external\glm\gtx</Filter>
    </ClInclude>
    <ClInclude Include="external\glm\gtx\normalize_dot.hpp">
      <Filter>Pliki nagłówkowe\external\glm\gtx</Filter>
    </ClInclude>
    <ClInclude Include="external\glm\gtx\number_precision.hpp">
      <Filter>Pliki nagłówkowe\external\glm\gtx</Filter>
    </ClInclude>
    <ClInclude Include="external\glm\gtx\optimum_pow.hpp">
      <Filter>Pliki nagłówkowe\external\glm\gtx</Filter>
    </ClInclude>
    <ClInclude Include="external\glm\gtx\orthonormalize.hpp">
      <Filter>Pliki nagłówkowe\external\glm\gtx</Filter>
    </ClInclude>
    <ClInclude Include="external\glm\gtx\perpendicular.hpp">
      <Filter>Pliki nagłówkowe\external\glm\gtx</Filter>
    </ClInclude>
    <ClInclude Include="external\glm\gtx\polar_coordinates.hpp">
      <Filter>Pliki nagłówkowe\external\glm\gtx</Filter>
    </ClInclude>
    <ClInclude Include="external\glm\gtx\projection.hpp">
      <Filter>Pliki nagłówkowe\external\glm\gtx</Filter>
    </ClInclude>
    <ClInclude Include="external\glm\gtx\quaternion.hpp">
      <Filter>Pliki nagłówkowe\external\glm\gtx</Filter>
    </ClInclude>
    <ClInclude Include="external\glm\gtx\range.hpp">
      <Filter>Pliki nagłówkowe\external\glm\gtx</Filter>
    </ClInclude>
    <ClInclude Include="external\glm\gtx\raw_data.hpp">
      <Filter>Pliki nagłówkowe\external\glm\gtx</Filter>
    </ClInclude>
    <ClInclude Include="external\glm\gtx\rotate_normalized_axis.hpp">
      <Filter>Pliki nagłówkowe\external\glm\gtx</Filter>
    </ClInclude>
    <ClInclude Include="external\glm\gtx\rotate_vector.hpp">
      <Filter>Pliki nagłówkowe\external\glm\gtx</Filter>
    </ClInclude>
    <ClInclude Include="external\glm\gtx\scalar_multiplication.hpp">
      <Filter>Pliki nagłówkowe\external\glm\gtx</Filter>
    </ClInclude>
    <ClInclude Include="external\glm\gtx\scalar_relational.hpp">
      <Filter>Pliki nagłówkowe\external\glm\gtx</Filter>
    </ClInclude>
    <ClInclude Include="external\glm\gtx\spline.hpp">
      <Filter>Pliki nagłówkowe\external\glm\gtx</Filter>
    </ClInclude>
    <ClInclude Include="external\glm\gtx\std_based_type.hpp">
      <Filter>Pliki nagłówkowe\external\glm\gtx</Filter>
    </ClInclude>
    <ClInclude Include="external\glm\gtx\string_cast.hpp">
      <Filter>Pliki nagłówkowe\external\glm\gtx</Filter>
    </ClInclude>
    <ClInclude Include="external\glm\gtx\texture.hpp">
      <Filter>Pliki nagłówkowe\external\glm\gtx</Filter>
    </ClInclude>
    <ClInclude Include="external\glm\gtc\constants.hpp">
      <Filter>Pliki nagłówkowe\external\glm\gtc</Filter>
    </ClInclude>
    <ClInclude Include="external\glm\gtc\epsilon.hpp">
      <Filter>Pliki nagłówkowe\external\glm\gtc</Filter>
    </ClInclude>
    <ClInclude Include="external\glm\gtc\integer.hpp">
      <Filter>Pliki nagłówkowe\external\glm\gtc</Filter>
    </ClInclude>
    <ClInclude Include="external\glm\gtc\matrix_access.hpp">
      <Filter>Pliki nagłówkowe\external\glm\gtc</Filter>
    </ClInclude>
    <ClInclude Include="external\glm\gtc\matrix_integer.hpp">
      <Filter>Pliki nagłówkowe\external\glm\gtc</Filter>
    </ClInclude>
    <ClInclude Include="external\glm\gtc\matrix_inverse.hpp">
      <Filter>Pliki nagłówkowe\external\glm\gtc</Filter>
    </ClInclude>
    <ClInclude Include="external\glm\gtc\matrix_transform.hpp">
      <Filter>Pliki nagłówkowe\external\glm\gtc</Filter>
    </ClInclude>
    <ClInclude Include="external\glm\gtc\noise.hpp">
      <Filter>Pliki nagłówkowe\external\glm\gtc</Filter>
    </ClInclude>
    <ClInclude Include="external\glm\gtc\packing.hpp">
      <Filter>Pliki nagłówkowe\external\glm\gtc</Filter>
    </ClInclude>
    <ClInclude Include="external\glm\gtc\quaternion.hpp">
      <Filter>Pliki nagłówkowe\external\glm\gtc</Filter>
    </ClInclude>
    <ClInclude Include="external\glm\gtc\random.hpp">
      <Filter>Pliki nagłówkowe\external\glm\gtc</Filter>
    </ClInclude>
    <ClInclude Include="external\glm\gtc\reciprocal.hpp">
      <Filter>Pliki nagłówkowe\external\glm\gtc</Filter>
    </ClInclude>
    <ClInclude Include="external\glm\gtc\round.hpp">
      <Filter>Pliki nagłówkowe\external\glm\gtc</Filter>
    </ClInclude>
    <ClInclude Include="external\glm\gtc\type_aligned.hpp">
      <Filter>Pliki nagłówkowe\external\glm\gtc</Filter>
    </ClInclude>
    <ClInclude Include="external\glm\gtc\type_precision.hpp">
      <Filter>Pliki nagłówkowe\external\glm\gtc</Filter>
    </ClInclude>
    <ClInclude Include="external\glm\gtc\type_ptr.hpp">
      <Filter>Pliki nagłówkowe\external\glm\gtc</Filter>
    </ClInclude>
    <ClInclude Include="external\glm\gtc\ulp.hpp">
      <Filter>Pliki nagłówkowe\external\glm\gtc</Filter>
    </ClInclude>
    <ClInclude Include="external\glm\gtc\vec1.hpp">
      <Filter>Pliki nagłówkowe\external\glm\gtc</Filter>
    </ClInclude>
    <ClInclude Include="external\glm\gtc\bitfield.hpp">
      <Filter>Pliki nagłówkowe\external\glm\gtc</Filter>
    </ClInclude>
    <ClInclude Include="external\glm\gtc\color_space.hpp">
      <Filter>Pliki nagłówkowe\external\glm\gtc</Filter>
    </ClInclude>
    <ClInclude Include="external\glm\ext\matrix_double3x2.hpp">
      <Filter>Pliki nagłówkowe\external\glm\ext</Filter>
    </ClInclude>
    <ClInclude Include="external\glm\ext\matrix_double3x2_precision.hpp">
      <Filter>Pliki nagłówkowe\external\glm\ext</Filter>
    </ClInclude>
    <ClInclude Include="external\glm\ext\matrix_double3x3.hpp">
      <Filter>Pliki nagłówkowe\external\glm\ext</Filter>
    </ClInclude>
    <ClInclude Include="external\glm\ext\matrix_double3x3_precision.hpp">
      <Filter>Pliki nagłówkowe\external\glm\ext</Filter>
    </ClInclude>
    <ClInclude Include="external\glm\ext\matrix_double3x4.hpp">
      <Filter>Pliki nagłówkowe\external\glm\ext</Filter>
    </ClInclude>
    <ClInclude Include="external\glm\ext\matrix_double3x4_precision.hpp">
      <Filter>Pliki nagłówkowe\external\glm\ext</Filter>
    </ClInclude>
    <ClInclude Include="external\glm\ext\matrix_double4x2.hpp">
      <Filter>Pliki nagłówkowe\external\glm\ext</Filter>
    </ClInclude>
    <ClInclude Include="external\glm\ext\matrix_double4x2_precision.hpp">
      <Filter>Pliki nagłówkowe\external\glm\ext</Filter>
    </ClInclude>
    <ClInclude Include="external\glm\ext\matrix_double4x3.hpp">
      <Filter>Pliki nagłówkowe\external\glm\ext</Filter>
    </ClInclude>
    <ClInclude Include="external\glm\ext\matrix_double4x3_precision.hpp">
      <Filter>Pliki nagłówkowe\external\glm\ext</Filter>
    </ClInclude>
    <ClInclude Include="external\glm\ext\matrix_double4x4.hpp">
      <Filter>Pliki nagłówkowe\external\glm\ext</Filter>
    </ClInclude>
    <ClInclude Include="external\glm\ext\matrix_double4x4_precision.hpp">
      <Filter>Pliki nagłówkowe\external\glm\ext</Filter>
    </ClInclude>
    <ClInclude Include="external\glm\ext\matrix_float2x2.hpp">
      <Filter>Pliki nagłówkowe\external\glm\ext</Filter>
    </ClInclude>
    <ClInclude Include="external\glm\ext\matrix_float2x2_precision.hpp">
      <Filter>Pliki nagłówkowe\external\glm\ext</Filter>
    </ClInclude>
    <ClInclude Include="external\glm\ext\matrix_float2x3.hpp">
      <Filter>Pliki nagłówkowe\external\glm\ext</Filter>
    </ClInclude>
    <ClInclude Include="external\glm\ext\matrix_float2x3_precision.hpp">
      <Filter>Pliki nagłówkowe\external\glm\ext</Filter>
    </ClInclude>
    <ClInclude Include="external\glm\ext\matrix_float2x4.hpp">
      <Filter>Pliki nagłówkowe\external\glm\ext</Filter>
    </ClInclude>
    <ClInclude Include="external\glm\ext\matrix_float2x4_precision.hpp">
      <Filter>Pliki nagłówkowe\external\glm\ext</Filter>
    </ClInclude>
    <ClInclude Include="external\glm\ext\matrix_float3x2.hpp">
      <Filter>Pliki nagłówkowe\external\glm\ext</Filter>
    </ClInclude>
    <ClInclude Include="external\glm\ext\matrix_float3x2_precision.hpp">
      <Filter>Pliki nagłówkowe\external\glm\ext</Filter>
    </ClInclude>
    <ClInclude Include="external\glm\ext\matrix_float3x3.hpp">
      <Filter>Pliki nagłówkowe\external\glm\ext</Filter>
    </ClInclude>
    <ClInclude Include="external\glm\ext\matrix_float3x3_precision.hpp">
      <Filter>Pliki nagłówkowe\external\glm\ext</Filter>
    </ClInclude>
    <ClInclude Include="external\glm\ext\matrix_float3x4.hpp">
      <Filter>Pliki nagłówkowe\external\glm\ext</Filter>
    </ClInclude>
    <ClInclude Include="external\glm\ext\matrix_float3x4_precision.hpp">
      <Filter>Pliki nagłówkowe\external\glm\ext</Filter>
    </ClInclude>
    <ClInclude Include="external\glm\ext\matrix_float4x2.hpp">
      <Filter>Pliki nagłówkowe\external\glm\ext</Filter>
    </ClInclude>
    <ClInclude Include="external\glm\ext\matrix_float4x2_precision.hpp">
      <Filter>Pliki nagłówkowe\external\glm\ext</Filter>
    </ClInclude>
    <ClInclude Include="external\glm\ext\matrix_float4x3.hpp">
      <Filter>Pliki nagłówkowe\external\glm\ext</Filter>
    </ClInclude>
    <ClInclude Include="external\glm\ext\matrix_float4x3_precision.hpp">
      <Filter>Pliki nagłówkowe\external\glm\ext</Filter>
    </ClInclude>
    <ClInclude Include="external\glm\ext\matrix_float4x4.hpp">
      <Filter>Pliki nagłówkowe\external\glm\ext</Filter>
    </ClInclude>
    <ClInclude Include="external\glm\ext\matrix_float4x4_precision.hpp">
      <Filter>Pliki nagłówkowe\external\glm\ext</Filter>
    </ClInclude>
    <ClInclude Include="external\glm\ext\matrix_int2x2.hpp">
      <Filter>Pliki nagłówkowe\external\glm\ext</Filter>
    </ClInclude>
    <ClInclude Include="external\glm\ext\matrix_int2x2_sized.hpp">
      <Filter>Pliki nagłówkowe\external\glm\ext</Filter>
    </ClInclude>
    <ClInclude Include="external\glm\ext\matrix_int2x3.hpp">
      <Filter>Pliki nagłówkowe\external\glm\ext</Filter>
    </ClInclude>
    <ClInclude Include="external\glm\ext\matrix_int2x3_sized.hpp">
      <Filter>Pliki nagłówkowe\external\glm\ext</Filter>
    </ClInclude>
    <ClInclude Include="external\glm\ext\matrix_int2x4.hpp">
      <Filter>Pliki nagłówkowe\external\glm\ext</Filter>
    </ClInclude>
    <ClInclude Include="external\glm\ext\matrix_int2x4_sized.hpp">
      <Filter>Pliki nagłówkowe\external\glm\ext</Filter>
    </ClInclude>
    <ClInclude Include="external\glm\ext\matrix_int3x2.hpp">
      <Filter>Pliki nagłówkowe\external\glm\ext</Filter>
    </ClInclude>
    <ClInclude Include="external\glm\ext\matrix_int3x2_sized.hpp">
      <Filter>Pliki nagłówkowe\external\glm\ext</Filter>
    </ClInclude>
    <ClInclude Include="external\glm\ext\matrix_int3x3.hpp">
      <Filter>Pliki nagłówkowe\external\glm\ext</Filter>
    </ClInclude>
    <ClInclude Include="external\glm\ext\matrix_int3x3_sized.hpp">
      <Filter>Pliki nagłówkowe\external\glm\ext</Filter>
    </ClInclude>
    <ClInclude Include="external\glm\ext\matrix_int3x4.hpp">
      <Filter>Pliki nagłówkowe\external\glm\ext</Filter>
    </ClInclude>
    <ClInclude Include="external\glm\ext\matrix_int3x4_sized.hpp">
      <Filter>Pliki nagłówkowe\external\glm\ext</Filter>
    </ClInclude>
    <ClInclude Include="external\glm\ext\matrix_int4x2.hpp">
      <Filter>Pliki nagłówkowe\external\glm\ext</Filter>
    </ClInclude>
    <ClInclude Include="external\glm\ext\matrix_int4x2_sized.hpp">
      <Filter>Pliki nagłówkowe\external\glm\ext</Filter>
    </ClInclude>
    <ClInclude Include="external\glm\ext\matrix_int4x3.hpp">
      <Filter>Pliki nagłówkowe\external\glm\ext</Filter>
    </ClInclude>
    <ClInclude Include="external\glm\ext\matrix_int4x3_sized.hpp">
      <Filter>Pliki nagłówkowe\external\glm\ext</Filter>
    </ClInclude>
    <ClInclude Include="external\glm\ext\matrix_int4x4.hpp">
      <Filter>Pliki nagłówkowe\external\glm\ext</Filter>
    </ClInclude>
    <ClInclude Include="external\glm\ext\matrix_int4x4_sized.hpp">
      <Filter>Pliki nagłówkowe\external\glm\ext</Filter>
    </ClInclude>
    <ClInclude Include="external\glm\ext\matrix_projection.hpp">
      <Filter>Pliki nagłówkowe\external\glm\ext</Filter>
    </ClInclude>
    <ClInclude Include="external\glm\ext\matrix_relational.hpp">
      <Filter>Pliki nagłówkowe\external\glm\ext</Filter>
    </ClInclude>
    <ClInclude Include="external\glm\ext\matrix_transform.hpp">
      <Filter>Pliki nagłówkowe\external\glm\ext</Filter>
    </ClInclude>
    <ClInclude Include="external\glm\ext\matrix_uint2x2.hpp">
      <Filter>Pliki nagłówkowe\external\glm\ext</Filter>
    </ClInclude>
    <ClInclude Include="external\glm\ext\matrix_uint2x2_sized.hpp">
      <Filter>Pliki nagłówkowe\external\glm\ext</Filter>
    </ClInclude>
    <ClInclude Include="external\glm\ext\matrix_uint2x3.hpp">
      <Filter>Pliki nagłówkowe\external\glm\ext</Filter>
    </ClInclude>
    <ClInclude Include="external\glm\ext\matrix_uint2x3_sized.hpp">
      <Filter>Pliki nagłówkowe\external\glm\ext</Filter>
    </ClInclude>
    <ClInclude Include="external\glm\ext\matrix_uint2x4.hpp">
      <Filter>Pliki nagłówkowe\external\glm\ext</Filter>
    </ClInclude>
    <ClInclude Include="external\glm\ext\matrix_uint2x4_sized.hpp">
      <Filter>Pliki nagłówkowe\external\glm\ext</Filter>
    </ClInclude>
    <ClInclude Include="external\glm\ext\matrix_uint3x2.hpp">
      <Filter>Pliki nagłówkowe\external\glm\ext</Filter>
    </ClInclude>
    <ClInclude Include="external\glm\ext\matrix_uint3x2_sized.hpp">
      <Filter>Pliki nagłówkowe\external\glm\ext</Filter>
    </ClInclude>
    <ClInclude Include="external\glm\ext\matrix_uint3x3.hpp">
      <Filter>Pliki nagłówkowe\external\glm\ext</Filter>
    </ClInclude>
    <ClInclude Include="external\glm\ext\matrix_uint3x3_sized.hpp">
      <Filter>Pliki nagłówkowe\external\glm\ext</Filter>
    </ClInclude>
    <ClInclude Include="external\glm\ext\matrix_uint3x4.hpp">
      <Filter>Pliki nagłówkowe\external\glm\ext</Filter>
    </ClInclude>
    <ClInclude Include="external\glm\ext\matrix_uint3x4_sized.hpp">
      <Filter>Pliki nagłówkowe\external\glm\ext</Filter>
    </ClInclude>
    <ClInclude Include="external\glm\ext\matrix_uint4x2.hpp">
      <Filter>Pliki nagłówkowe\external\glm\ext</Filter>
    </ClInclude>
    <ClInclude Include="external\glm\ext\matrix_uint4x2_sized.hpp">
      <Filter>Pliki nagłówkowe\external\glm\ext</Filter>
    </ClInclude>
    <ClInclude Include="external\glm\ext\matrix_uint4x3.hpp">
      <Filter>Pliki nagłówkowe\external\glm\ext</Filter>
    </ClInclude>
    <ClInclude Include="external\glm\ext\matrix_uint4x3_sized.hpp">
      <Filter>Pliki nagłówkowe\external\glm\ext</Filter>
    </ClInclude>
    <ClInclude Include="external\glm\ext\matrix_uint4x4.hpp">
      <Filter>Pliki nagłówkowe\external\glm\ext</Filter>
    </ClInclude>
    <ClInclude Include="external\glm\ext\matrix_uint4x4_sized.hpp">
      <Filter>Pliki nagłówkowe\external\glm\ext</Filter>
    </ClInclude>
    <ClInclude Include="external\glm\ext\quaternion_common.hpp">
      <Filter>Pliki nagłówkowe\external\glm\ext</Filter>
    </ClInclude>
    <ClInclude Include="external\glm\ext\quaternion_double.hpp">
      <Filter>Pliki nagłówkowe\external\glm\ext</Filter>
    </ClInclude>
    <ClInclude Include="external\glm\ext\quaternion_double_precision.hpp">
      <Filter>Pliki nagłówkowe\external\glm\ext</Filter>
    </ClInclude>
    <ClInclude Include="external\glm\ext\quaternion_exponential.hpp">
      <Filter>Pliki nagłówkowe\external\glm\ext</Filter>
    </ClInclude>
    <ClInclude Include="external\glm\ext\quaternion_float.hpp">
      <Filter>Pliki nagłówkowe\external\glm\ext</Filter>
    </ClInclude>
    <ClInclude Include="external\glm\ext\quaternion_float_precision.hpp">
      <Filter>Pliki nagłówkowe\external\glm\ext</Filter>
    </ClInclude>
    <ClInclude Include="external\glm\ext\quaternion_geometric.hpp">
      <Filter>Pliki nagłówkowe\external\glm\ext</Filter>
    </ClInclude>
    <ClInclude Include="external\glm\ext\quaternion_relational.hpp">
      <Filter>Pliki nagłówkowe\external\glm\ext</Filter>
    </ClInclude>
    <ClInclude Include="external\glm\ext\quaternion_transform.hpp">
      <Filter>Pliki nagłówkowe\external\glm\ext</Filter>
    </ClInclude>
    <ClInclude Include="external\glm\ext\quaternion_trigonometric.hpp">
      <Filter>Pliki nagłówkowe\external\glm\ext</Filter>
    </ClInclude>
    <ClInclude Include="external\glm\ext\scalar_common.hpp">
      <Filter>Pliki nagłówkowe\external\glm\ext</Filter>
    </ClInclude>
    <ClInclude Include="external\glm\ext\scalar_constants.hpp">
      <Filter>Pliki nagłówkowe\external\glm\ext</Filter>
    </ClInclude>
    <ClInclude Include="external\glm\ext\scalar_int_sized.hpp">
      <Filter>Pliki nagłówkowe\external\glm\ext</Filter>
    </ClInclude>
    <ClInclude Include="external\glm\ext\scalar_integer.hpp">
      <Filter>Pliki nagłówkowe\external\glm\ext</Filter>
    </ClInclude>
    <ClInclude Include="external\glm\ext\scalar_packing.hpp">
      <Filter>Pliki nagłówkowe\external\glm\ext</Filter>
    </ClInclude>
    <ClInclude Include="external\glm\ext\scalar_relational.hpp">
      <Filter>Pliki nagłówkowe\external\glm\ext</Filter>
    </ClInclude>
    <ClInclude Include="external\glm\ext\scalar_uint_sized.hpp">
      <Filter>Pliki nagłówkowe\external\glm\ext</Filter>
    </ClInclude>
    <ClInclude Include="external\glm\ext\scalar_ulp.hpp">
      <Filter>Pliki nagłówkowe\external\glm\ext</Filter>
    </ClInclude>
    <ClInclude Include="external\glm\ext\vector_bool1.hpp">
      <Filter>Pliki nagłówkowe\external\glm\ext</Filter>
    </ClInclude>
    <ClInclude Include="external\glm\ext\vector_bool1_precision.hpp">
      <Filter>Pliki nagłówkowe\external\glm\ext</Filter>
    </ClInclude>
    <ClInclude Include="external\glm\ext\vector_bool2.hpp">
      <Filter>Pliki nagłówkowe\external\glm\ext</Filter>
    </ClInclude>
    <ClInclude Include="external\glm\ext\vector_bool2_precision.hpp">
      <Filter>Pliki nagłówkowe\external\glm\ext</Filter>
    </ClInclude>
    <ClInclude Include="external\glm\ext\vector_bool3.hpp">
      <Filter>Pliki nagłówkowe\external\glm\ext</Filter>
    </ClInclude>
    <ClInclude Include="external\glm\ext\vector_bool3_precision.hpp">
      <Filter>Pliki nagłówkowe\external\glm\ext</Filter>
    </ClInclude>
    <ClInclude Include="external\glm\ext\vector_bool4.hpp">
      <Filter>Pliki nagłówkowe\external\glm\ext</Filter>
    </ClInclude>
    <ClInclude Include="external\glm\ext\vector_bool4_precision.hpp">
      <Filter>Pliki nagłówkowe\external\glm\ext</Filter>
    </ClInclude>
    <ClInclude Include="external\glm\ext\vector_common.hpp">
      <Filter>Pliki nagłówkowe\external\glm\ext</Filter>
    </ClInclude>
    <ClInclude Include="external\glm\ext\vector_double1.hpp">
      <Filter>Pliki nagłówkowe\external\glm\ext</Filter>
    </ClInclude>
    <ClInclude Include="external\glm\ext\vector_double1_precision.hpp">
      <Filter>Pliki nagłówkowe\external\glm\ext</Filter>
    </ClInclude>
    <ClInclude Include="external\glm\ext\vector_double2.hpp">
      <Filter>Pliki nagłówkowe\external\glm\ext</Filter>
    </ClInclude>
    <ClInclude Include="external\glm\ext\vector_double2_precision.hpp">
      <Filter>Pliki nagłówkowe\external\glm\ext</Filter>
    </ClInclude>
    <ClInclude Include="external\glm\ext\vector_double3.hpp">
      <Filter>Pliki nagłówkowe\external\glm\ext</Filter>
    </ClInclude>
    <ClInclude Include="external\glm\ext\vector_double3_precision.hpp">
      <Filter>Pliki nagłówkowe\external\glm\ext</Filter>
    </ClInclude>
    <ClInclude Include="external\glm\ext\vector_double4.hpp">
      <Filter>Pliki nagłówkowe\external\glm\ext</Filter>
    </ClInclude>
    <ClInclude Include="external\glm\ext\vector_double4_precision.hpp">
      <Filter>Pliki nagłówkowe\external\glm\ext</Filter>
    </ClInclude>
    <ClInclude Include="external\glm\ext\vector_float1.hpp">
      <Filter>Pliki nagłówkowe\external\glm\ext</Filter>
    </ClInclude>
    <ClInclude Include="external\glm\ext\vector_float1_precision.hpp">
      <Filter>Pliki nagłówkowe\external\glm\ext</Filter>
    </ClInclude>
    <ClInclude Include="external\glm\ext\vector_float2.hpp">
      <Filter>Pliki nagłówkowe\external\glm\ext</Filter>
    </ClInclude>
    <ClInclude Include="external\glm\ext\vector_float2_precision.hpp">
      <Filter>Pliki nagłówkowe\external\glm\ext</Filter>
    </ClInclude>
    <ClInclude Include="external\glm\ext\vector_float3.hpp">
      <Filter>Pliki nagłówkowe\external\glm\ext</Filter>
    </ClInclude>
    <ClInclude Include="external\glm\ext\vector_float3_precision.hpp">
      <Filter>Pliki nagłówkowe\external\glm\ext</Filter>
    </ClInclude>
    <ClInclude Include="external\glm\ext\vector_float4.hpp">
      <Filter>Pliki nagłówkowe\external\glm\ext</Filter>
    </ClInclude>
    <ClInclude Include="external\glm\ext\vector_float4_precision.hpp">
      <Filter>Pliki nagłówkowe\external\glm\ext</Filter>
    </ClInclude>
    <ClInclude Include="external\glm\ext\vector_int1.hpp">
      <Filter>Pliki nagłówkowe\external\glm\ext</Filter>
    </ClInclude>
    <ClInclude Include="external\glm\ext\vector_int1_sized.hpp">
      <Filter>Pliki nagłówkowe\external\glm\ext</Filter>
    </ClInclude>
    <ClInclude Include="external\glm\ext\vector_int2.hpp">
      <Filter>Pliki nagłówkowe\external\glm\ext</Filter>
    </ClInclude>
    <ClInclude Include="external\glm\ext\vector_int2_sized.hpp">
      <Filter>Pliki nagłówkowe\external\glm\ext</Filter>
    </ClInclude>
    <ClInclude Include="external\glm\ext\vector_int3.hpp">
      <Filter>Pliki nagłówkowe\external\glm\ext</Filter>
    </ClInclude>
    <ClInclude Include="external\glm\ext\vector_int3_sized.hpp">
      <Filter>Pliki nagłówkowe\external\glm\ext</Filter>
    </ClInclude>
    <ClInclude Include="external\glm\ext\vector_int4.hpp">
      <Filter>Pliki nagłówkowe\external\glm\ext</Filter>
    </ClInclude>
    <ClInclude Include="external\glm\ext\vector_int4_sized.hpp">
      <Filter>Pliki nagłówkowe\external\glm\ext</Filter>
    </ClInclude>
    <ClInclude Include="external\glm\ext\vector_integer.hpp">
      <Filter>Pliki nagłówkowe\external\glm\ext</Filter>
    </ClInclude>
    <ClInclude Include="external\glm\ext\vector_packing.hpp">
      <Filter>Pliki nagłówkowe\external\glm\ext</Filter>
    </ClInclude>
    <ClInclude Include="external\glm\ext\vector_relational.hpp">
      <Filter>Pliki nagłówkowe\external\glm\ext</Filter>
    </ClInclude>
    <ClInclude Include="external\glm\ext\vector_uint1.hpp">
      <Filter>Pliki nagłówkowe\external\glm\ext</Filter>
    </ClInclude>
    <ClInclude Include="external\glm\ext\vector_uint1_sized.hpp">
      <Filter>Pliki nagłówkowe\external\glm\ext</Filter>
    </ClInclude>
    <ClInclude Include="external\glm\ext\vector_uint2.hpp">
      <Filter>Pliki nagłówkowe\external\glm\ext</Filter>
    </ClInclude>
    <ClInclude Include="external\glm\ext\vector_uint2_sized.hpp">
      <Filter>Pliki nagłówkowe\external\glm\ext</Filter>
    </ClInclude>
    <ClInclude Include="external\glm\ext\vector_uint3.hpp">
      <Filter>Pliki nagłówkowe\external\glm\ext</Filter>
    </ClInclude>
    <ClInclude Include="external\glm\ext\vector_uint3_sized.hpp">
      <Filter>Pliki nagłówkowe\external\glm\ext</Filter>
    </ClInclude>
    <ClInclude Include="external\glm\ext\vector_uint4.hpp">
      <Filter>Pliki nagłówkowe\external\glm\ext</Filter>
    </ClInclude>
    <ClInclude Include="external\glm\ext\vector_uint4_sized.hpp">
      <Filter>Pliki nagłówkowe\external\glm\ext</Filter>
    </ClInclude>
    <ClInclude Include="external\glm\ext\vector_ulp.hpp">
      <Filter>Pliki nagłówkowe\external\glm\ext</Filter>
    </ClInclude>
    <ClInclude Include="external\glm\ext\matrix_clip_space.hpp">
      <Filter>Pliki nagłówkowe\external\glm\ext</Filter>
    </ClInclude>
    <ClInclude Include="external\glm\ext\matrix_common.hpp">
      <Filter>Pliki nagłówkowe\external\glm\ext</Filter>
    </ClInclude>
    <ClInclude Include="external\glm\ext\matrix_double2x2.hpp">
      <Filter>Pliki nagłówkowe\external\glm\ext</Filter>
    </ClInclude>
    <ClInclude Include="external\glm\ext\matrix_double2x2_precision.hpp">
      <Filter>Pliki nagłówkowe\external\glm\ext</Filter>
    </ClInclude>
    <ClInclude Include="external\glm\ext\matrix_double2x3.hpp">
      <Filter>Pliki nagłówkowe\external\glm\ext</Filter>
    </ClInclude>
    <ClInclude Include="external\glm\ext\matrix_double2x3_precision.hpp">
      <Filter>Pliki nagłówkowe\external\glm\ext</Filter>
    </ClInclude>
    <ClInclude Include="external\glm\ext\matrix_double2x4.hpp">
      <Filter>Pliki nagłówkowe\external\glm\ext</Filter>
    </ClInclude>
    <ClInclude Include="external\glm\ext\matrix_double2x4_precision.hpp">
      <Filter>Pliki nagłówkowe\external\glm\ext</Filter>
    </ClInclude>
    <ClInclude Include="external\glm\detail\qualifier.hpp">
      <Filter>Pliki nagłówkowe\external\glm\detail</Filter>
    </ClInclude>
    <ClInclude Include="external\glm\detail\setup.hpp">
      <Filter>Pliki nagłówkowe\external\glm\detail</Filter>
    </ClInclude>
    <ClInclude Include="external\glm\detail\type_float.hpp">
      <Filter>Pliki nagłówkowe\external\glm\detail</Filter>
    </ClInclude>
    <ClInclude Include="external\glm\detail\type_half.hpp">
      <Filter>Pliki nagłówkowe\external\glm\detail</Filter>
    </ClInclude>
    <ClInclude Include="external\glm\detail\type_mat2x2.hpp">
      <Filter>Pliki nagłówkowe\external\glm\detail</Filter>
    </ClInclude>
    <ClInclude Include="external\glm\detail\type_mat2x3.hpp">
      <Filter>Pliki nagłówkowe\external\glm\detail</Filter>
    </ClInclude>
    <ClInclude Include="external\glm\detail\type_mat2x4.hpp">
      <Filter>Pliki nagłówkowe\external\glm\detail</Filter>
    </ClInclude>
    <ClInclude Include="external\glm\detail\type_mat3x2.hpp">
      <Filter>Pliki nagłówkowe\external\glm\detail</Filter>
    </ClInclude>
    <ClInclude Include="external\glm\detail\type_mat3x3.hpp">
      <Filter>Pliki nagłówkowe\external\glm\detail</Filter>
    </ClInclude>
    <ClInclude Include="external\glm\detail\type_mat3x4.hpp">
      <Filter>Pliki nagłówkowe\external\glm\detail</Filter>
    </ClInclude>
    <ClInclude Include="external\glm\detail\type_mat4x2.hpp">
      <Filter>Pliki nagłówkowe\external\glm\detail</Filter>
    </ClInclude>
    <ClInclude Include="external\glm\detail\type_mat4x3.hpp">
      <Filter>Pliki nagłówkowe\external\glm\detail</Filter>
    </ClInclude>
    <ClInclude Include="external\glm\detail\type_mat4x4.hpp">
      <Filter>Pliki nagłówkowe\external\glm\detail</Filter>
    </ClInclude>
    <ClInclude Include="external\glm\detail\type_quat.hpp">
      <Filter>Pliki nagłówkowe\external\glm\detail</Filter>
    </ClInclude>
    <ClInclude Include="external\glm\detail\type_vec1.hpp">
      <Filter>Pliki nagłówkowe\external\glm\detail</Filter>
    </ClInclude>
    <ClInclude Include="external\glm\detail\type_vec2.hpp">
      <Filter>Pliki nagłówkowe\external\glm\detail</Filter>
    </ClInclude>
    <ClInclude Include="external\glm\detail\type_vec3.hpp">
      <Filter>Pliki nagłówkowe\external\glm\detail</Filter>
    </ClInclude>
    <ClInclude Include="external\glm\detail\type_vec4.hpp">
      <Filter>Pliki nagłówkowe\external\glm\detail</Filter>
    </ClInclude>
    <ClInclude Include="external\glm\detail\_features.hpp">
      <Filter>Pliki nagłówkowe\external\glm\detail</Filter>
    </ClInclude>
    <ClInclude Include="external\glm\detail\_fixes.hpp">
      <Filter>Pliki nagłówkowe\external\glm\detail</Filter>
    </ClInclude>
    <ClInclude Include="external\glm\detail\_noise.hpp">
      <Filter>Pliki nagłówkowe\external\glm\detail</Filter>
    </ClInclude>
    <ClInclude Include="external\glm\detail\_swizzle.hpp">
      <Filter>Pliki nagłówkowe\external\glm\detail</Filter>
    </ClInclude>
    <ClInclude Include="external\glm\detail\_swizzle_func.hpp">
      <Filter>Pliki nagłówkowe\external\glm\detail</Filter>
    </ClInclude>
    <ClInclude Include="external\glm\detail\_vectorize.hpp">
      <Filter>Pliki nagłówkowe\external\glm\detail</Filter>
    </ClInclude>
    <ClInclude Include="external\glm\detail\compute_common.hpp">
      <Filter>Pliki nagłówkowe\external\glm\detail</Filter>
    </ClInclude>
    <ClInclude Include="external\glm\detail\compute_vector_relational.hpp">
      <Filter>Pliki nagłówkowe\external\glm\detail</Filter>
    </ClInclude>
    <ClInclude Include="include\controls.hpp">
      <Filter>Pliki nagłówkowe</Filter>
    </ClInclude>
    <ClInclude Include="include\core.hpp">
      <Filter>Pliki nagłówkowe</Filter>
    </ClInclude>
    <ClInclude Include="include\utils.hpp">
      <Filter>Pliki nagłówkowe</Filter>
    </ClInclude>
    <ClInclude Include="include\audio.hpp">
      <Filter>Pliki nagłówkowe</Filter>
    </ClInclude>
    <ClInclude Include="include\render.hpp">
      <Filter>Pliki nagłówkowe</Filter>
    </ClInclude>
  </ItemGroup>
  <ItemGroup>
    <Library Include="external\sdl\SDL2.lib">
      <Filter>Pliki nagłówkowe\external\sdl</Filter>
    </Library>
    <Library Include="external\sdl\SDL2test.lib">
      <Filter>Pliki nagłówkowe\external\sdl</Filter>
    </Library>
    <Library Include="external\sdl\SDL2_ttf.lib">
      <Filter>Pliki nagłówkowe\external\sdl</Filter>
    </Library>
    <Library Include="external\sdl\SDL2_mixer.lib">
      <Filter>Pliki nagłówkowe\external\sdl</Filter>
    </Library>
    <Library Include="external\sdl\SDL2_image.lib">
      <Filter>Pliki nagłówkowe\external\sdl</Filter>
    </Library>
    <Library Include="external\glew\glew32.lib">
      <Filter>Pliki nagłówkowe\external\glew</Filter>
    </Library>
    <Library Include="external\glew\glew32s.lib">
      <Filter>Pliki nagłówkowe\external\glew</Filter>
    </Library>
    <Library Include="external\sdl\SDL2main.lib">
      <Filter>Pliki nagłówkowe\external\sdl</Filter>
    </Library>
  </ItemGroup>
  <ItemGroup>
    <None Include="external\glm\gtx\texture.inl">
      <Filter>Pliki nagłówkowe\external\glm\gtx</Filter>
    </None>
    <None Include="external\glm\gtx\transform.inl">
      <Filter>Pliki nagłówkowe\external\glm\gtx</Filter>
    </None>
    <None Include="external\glm\gtx\transform2.inl">
      <Filter>Pliki nagłówkowe\external\glm\gtx</Filter>
    </None>
    <None Include="external\glm\gtx\type_aligned.inl">
      <Filter>Pliki nagłówkowe\external\glm\gtx</Filter>
    </None>
    <None Include="external\glm\gtx\type_trait.inl">
      <Filter>Pliki nagłówkowe\external\glm\gtx</Filter>
    </None>
    <None Include="external\glm\gtx\vector_angle.inl">
      <Filter>Pliki nagłówkowe\external\glm\gtx</Filter>
    </None>
    <None Include="external\glm\gtx\vector_query.inl">
      <Filter>Pliki nagłówkowe\external\glm\gtx</Filter>
    </None>
    <None Include="external\glm\gtx\wrap.inl">
      <Filter>Pliki nagłówkowe\external\glm\gtx</Filter>
    </None>
    <None Include="external\glm\gtx\associated_min_max.inl">
      <Filter>Pliki nagłówkowe\external\glm\gtx</Filter>
    </None>
    <None Include="external\glm\gtx\bit.inl">
      <Filter>Pliki nagłówkowe\external\glm\gtx</Filter>
    </None>
    <None Include="external\glm\gtx\closest_point.inl">
      <Filter>Pliki nagłówkowe\external\glm\gtx</Filter>
    </None>
    <None Include="external\glm\gtx\color_encoding.inl">
      <Filter>Pliki nagłówkowe\external\glm\gtx</Filter>
    </None>
    <None Include="external\glm\gtx\color_space.inl">
      <Filter>Pliki nagłówkowe\external\glm\gtx</Filter>
    </None>
    <None Include="external\glm\gtx\color_space_YCoCg.inl">
      <Filter>Pliki nagłówkowe\external\glm\gtx</Filter>
    </None>
    <None Include="external\glm\gtx\common.inl">
      <Filter>Pliki nagłówkowe\external\glm\gtx</Filter>
    </None>
    <None Include="external\glm\gtx\compatibility.inl">
      <Filter>Pliki nagłówkowe\external\glm\gtx</Filter>
    </None>
    <None Include="external\glm\gtx\component_wise.inl">
      <Filter>Pliki nagłówkowe\external\glm\gtx</Filter>
    </None>
    <None Include="external\glm\gtx\dual_quaternion.inl">
      <Filter>Pliki nagłówkowe\external\glm\gtx</Filter>
    </None>
    <None Include="external\glm\gtx\easing.inl">
      <Filter>Pliki nagłówkowe\external\glm\gtx</Filter>
    </None>
    <None Include="external\glm\gtx\euler_angles.inl">
      <Filter>Pliki nagłówkowe\external\glm\gtx</Filter>
    </None>
    <None Include="external\glm\gtx\extend.inl">
      <Filter>Pliki nagłówkowe\external\glm\gtx</Filter>
    </None>
    <None Include="external\glm\gtx\extended_min_max.inl">
      <Filter>Pliki nagłówkowe\external\glm\gtx</Filter>
    </None>
    <None Include="external\glm\gtx\exterior_product.inl">
      <Filter>Pliki nagłówkowe\external\glm\gtx</Filter>
    </None>
    <None Include="external\glm\gtx\fast_exponential.inl">
      <Filter>Pliki nagłówkowe\external\glm\gtx</Filter>
    </None>
    <None Include="external\glm\gtx\fast_square_root.inl">
      <Filter>Pliki nagłówkowe\external\glm\gtx</Filter>
    </None>
    <None Include="external\glm\gtx\fast_trigonometry.inl">
      <Filter>Pliki nagłówkowe\external\glm\gtx</Filter>
    </None>
    <None Include="external\glm\gtx\float_notmalize.inl">
      <Filter>Pliki nagłówkowe\external\glm\gtx</Filter>
    </None>
    <None Include="external\glm\gtx\functions.inl">
      <Filter>Pliki nagłówkowe\external\glm\gtx</Filter>
    </None>
    <None Include="external\glm\gtx\gradient_paint.inl">
      <Filter>Pliki nagłówkowe\external\glm\gtx</Filter>
    </None>
    <None Include="external\glm\gtx\handed_coordinate_space.inl">
      <Filter>Pliki nagłówkowe\external\glm\gtx</Filter>
    </None>
    <None Include="external\glm\gtx\hash.inl">
      <Filter>Pliki nagłówkowe\external\glm\gtx</Filter>
    </None>
    <None Include="external\glm\gtx\integer.inl">
      <Filter>Pliki nagłówkowe\external\glm\gtx</Filter>
    </None>
    <None Include="external\glm\gtx\intersect.inl">
      <Filter>Pliki nagłówkowe\external\glm\gtx</Filter>
    </None>
    <None Include="external\glm\gtx\io.inl">
      <Filter>Pliki nagłówkowe\external\glm\gtx</Filter>
    </None>
    <None Include="external\glm\gtx\log_base.inl">
      <Filter>Pliki nagłówkowe\external\glm\gtx</Filter>
    </None>
    <None Include="external\glm\gtx\matrix_cross_product.inl">
      <Filter>Pliki nagłówkowe\external\glm\gtx</Filter>
    </None>
    <None Include="external\glm\gtx\matrix_decompose.inl">
      <Filter>Pliki nagłówkowe\external\glm\gtx</Filter>
    </None>
    <None Include="external\glm\gtx\matrix_factorisation.inl">
      <Filter>Pliki nagłówkowe\external\glm\gtx</Filter>
    </None>
    <None Include="external\glm\gtx\matrix_interpolation.inl">
      <Filter>Pliki nagłówkowe\external\glm\gtx</Filter>
    </None>
    <None Include="external\glm\gtx\matrix_major_storage.inl">
      <Filter>Pliki nagłówkowe\external\glm\gtx</Filter>
    </None>
    <None Include="external\glm\gtx\matrix_operation.inl">
      <Filter>Pliki nagłówkowe\external\glm\gtx</Filter>
    </None>
    <None Include="external\glm\gtx\matrix_query.inl">
      <Filter>Pliki nagłówkowe\external\glm\gtx</Filter>
    </None>
    <None Include="external\glm\gtx\matrix_transform_2d.inl">
      <Filter>Pliki nagłówkowe\external\glm\gtx</Filter>
    </None>
    <None Include="external\glm\gtx\mixed_product.inl">
      <Filter>Pliki nagłówkowe\external\glm\gtx</Filter>
    </None>
    <None Include="external\glm\gtx\norm.inl">
      <Filter>Pliki nagłówkowe\external\glm\gtx</Filter>
    </None>
    <None Include="external\glm\gtx\normal.inl">
      <Filter>Pliki nagłówkowe\external\glm\gtx</Filter>
    </None>
    <None Include="external\glm\gtx\normalize_dot.inl">
      <Filter>Pliki nagłówkowe\external\glm\gtx</Filter>
    </None>
    <None Include="external\glm\gtx\number_precision.inl">
      <Filter>Pliki nagłówkowe\external\glm\gtx</Filter>
    </None>
    <None Include="external\glm\gtx\optimum_pow.inl">
      <Filter>Pliki nagłówkowe\external\glm\gtx</Filter>
    </None>
    <None Include="external\glm\gtx\orthonormalize.inl">
      <Filter>Pliki nagłówkowe\external\glm\gtx</Filter>
    </None>
    <None Include="external\glm\gtx\perpendicular.inl">
      <Filter>Pliki nagłówkowe\external\glm\gtx</Filter>
    </None>
    <None Include="external\glm\gtx\polar_coordinates.inl">
      <Filter>Pliki nagłówkowe\external\glm\gtx</Filter>
    </None>
    <None Include="external\glm\gtx\projection.inl">
      <Filter>Pliki nagłówkowe\external\glm\gtx</Filter>
    </None>
    <None Include="external\glm\gtx\quaternion.inl">
      <Filter>Pliki nagłówkowe\external\glm\gtx</Filter>
    </None>
    <None Include="external\glm\gtx\raw_data.inl">
      <Filter>Pliki nagłówkowe\external\glm\gtx</Filter>
    </None>
    <None Include="external\glm\gtx\rotate_normalized_axis.inl">
      <Filter>Pliki nagłówkowe\external\glm\gtx</Filter>
    </None>
    <None Include="external\glm\gtx\rotate_vector.inl">
      <Filter>Pliki nagłówkowe\external\glm\gtx</Filter>
    </None>
    <None Include="external\glm\gtx\scalar_relational.inl">
      <Filter>Pliki nagłówkowe\external\glm\gtx</Filter>
    </None>
    <None Include="external\glm\gtx\spline.inl">
      <Filter>Pliki nagłówkowe\external\glm\gtx</Filter>
    </None>
    <None Include="external\glm\gtx\std_based_type.inl">
      <Filter>Pliki nagłówkowe\external\glm\gtx</Filter>
    </None>
    <None Include="external\glm\gtx\string_cast.inl">
      <Filter>Pliki nagłówkowe\external\glm\gtx</Filter>
    </None>
    <None Include="external\glm\gtc\constants.inl">
      <Filter>Pliki nagłówkowe\external\glm\gtc</Filter>
    </None>
    <None Include="external\glm\gtc\epsilon.inl">
      <Filter>Pliki nagłówkowe\external\glm\gtc</Filter>
    </None>
    <None Include="external\glm\gtc\integer.inl">
      <Filter>Pliki nagłówkowe\external\glm\gtc</Filter>
    </None>
    <None Include="external\glm\gtc\matrix_access.inl">
      <Filter>Pliki nagłówkowe\external\glm\gtc</Filter>
    </None>
    <None Include="external\glm\gtc\matrix_inverse.inl">
      <Filter>Pliki nagłówkowe\external\glm\gtc</Filter>
    </None>
    <None Include="external\glm\gtc\matrix_transform.inl">
      <Filter>Pliki nagłówkowe\external\glm\gtc</Filter>
    </None>
    <None Include="external\glm\gtc\noise.inl">
      <Filter>Pliki nagłówkowe\external\glm\gtc</Filter>
    </None>
    <None Include="external\glm\gtc\packing.inl">
      <Filter>Pliki nagłówkowe\external\glm\gtc</Filter>
    </None>
    <None Include="external\glm\gtc\quaternion.inl">
      <Filter>Pliki nagłówkowe\external\glm\gtc</Filter>
    </None>
    <None Include="external\glm\gtc\quaternion_simd.inl">
      <Filter>Pliki nagłówkowe\external\glm\gtc</Filter>
    </None>
    <None Include="external\glm\gtc\random.inl">
      <Filter>Pliki nagłówkowe\external\glm\gtc</Filter>
    </None>
    <None Include="external\glm\gtc\reciprocal.inl">
      <Filter>Pliki nagłówkowe\external\glm\gtc</Filter>
    </None>
    <None Include="external\glm\gtc\round.inl">
      <Filter>Pliki nagłówkowe\external\glm\gtc</Filter>
    </None>
    <None Include="external\glm\gtc\type_precision.inl">
      <Filter>Pliki nagłówkowe\external\glm\gtc</Filter>
    </None>
    <None Include="external\glm\gtc\type_ptr.inl">
      <Filter>Pliki nagłówkowe\external\glm\gtc</Filter>
    </None>
    <None Include="external\glm\gtc\ulp.inl">
      <Filter>Pliki nagłówkowe\external\glm\gtc</Filter>
    </None>
    <None Include="external\glm\gtc\bitfield.inl">
      <Filter>Pliki nagłówkowe\external\glm\gtc</Filter>
    </None>
    <None Include="external\glm\gtc\color_space.inl">
      <Filter>Pliki nagłówkowe\external\glm\gtc</Filter>
    </None>
    <None Include="external\glm\ext\matrix_projection.inl">
      <Filter>Pliki nagłówkowe\external\glm\ext</Filter>
    </None>
    <None Include="external\glm\ext\matrix_relational.inl">
      <Filter>Pliki nagłówkowe\external\glm\ext</Filter>
    </None>
    <None Include="external\glm\ext\matrix_transform.inl">
      <Filter>Pliki nagłówkowe\external\glm\ext</Filter>
    </None>
    <None Include="external\glm\ext\quaternion_common.inl">
      <Filter>Pliki nagłówkowe\external\glm\ext</Filter>
    </None>
    <None Include="external\glm\ext\quaternion_common_simd.inl">
      <Filter>Pliki nagłówkowe\external\glm\ext</Filter>
    </None>
    <None Include="external\glm\ext\quaternion_exponential.inl">
      <Filter>Pliki nagłówkowe\external\glm\ext</Filter>
    </None>
    <None Include="external\glm\ext\quaternion_geometric.inl">
      <Filter>Pliki nagłówkowe\external\glm\ext</Filter>
    </None>
    <None Include="external\glm\ext\quaternion_relational.inl">
      <Filter>Pliki nagłówkowe\external\glm\ext</Filter>
    </None>
    <None Include="external\glm\ext\quaternion_transform.inl">
      <Filter>Pliki nagłówkowe\external\glm\ext</Filter>
    </None>
    <None Include="external\glm\ext\quaternion_trigonometric.inl">
      <Filter>Pliki nagłówkowe\external\glm\ext</Filter>
    </None>
    <None Include="external\glm\ext\scalar_common.inl">
      <Filter>Pliki nagłówkowe\external\glm\ext</Filter>
    </None>
    <None Include="external\glm\ext\scalar_constants.inl">
      <Filter>Pliki nagłówkowe\external\glm\ext</Filter>
    </None>
    <None Include="external\glm\ext\scalar_integer.inl">
      <Filter>Pliki nagłówkowe\external\glm\ext</Filter>
    </None>
    <None Include="external\glm\ext\scalar_packing.inl">
      <Filter>Pliki nagłówkowe\external\glm\ext</Filter>
    </None>
    <None Include="external\glm\ext\scalar_relational.inl">
      <Filter>Pliki nagłówkowe\external\glm\ext</Filter>
    </None>
    <None Include="external\glm\ext\scalar_ulp.inl">
      <Filter>Pliki nagłówkowe\external\glm\ext</Filter>
    </None>
    <None Include="external\glm\ext\vector_common.inl">
      <Filter>Pliki nagłówkowe\external\glm\ext</Filter>
    </None>
    <None Include="external\glm\ext\vector_integer.inl">
      <Filter>Pliki nagłówkowe\external\glm\ext</Filter>
    </None>
    <None Include="external\glm\ext\vector_packing.inl">
      <Filter>Pliki nagłówkowe\external\glm\ext</Filter>
    </None>
    <None Include="external\glm\ext\vector_relational.inl">
      <Filter>Pliki nagłówkowe\external\glm\ext</Filter>
    </None>
    <None Include="external\glm\ext\vector_ulp.inl">
      <Filter>Pliki nagłówkowe\external\glm\ext</Filter>
    </None>
    <None Include="external\glm\ext\matrix_clip_space.inl">
      <Filter>Pliki nagłówkowe\external\glm\ext</Filter>
    </None>
    <None Include="external\glm\ext\matrix_common.inl">
      <Filter>Pliki nagłówkowe\external\glm\ext</Filter>
    </None>
    <None Include="external\glm\detail\func_integer_simd.inl">
      <Filter>Pliki nagłówkowe\external\glm\detail</Filter>
    </None>
    <None Include="external\glm\detail\func_matrix.inl">
      <Filter>Pliki nagłówkowe\external\glm\detail</Filter>
    </None>
    <None Include="external\glm\detail\func_matrix_simd.inl">
      <Filter>Pliki nagłówkowe\external\glm\detail</Filter>
    </None>
    <None Include="external\glm\detail\func_packing.inl">
      <Filter>Pliki nagłówkowe\external\glm\detail</Filter>
    </None>
    <None Include="external\glm\detail\func_packing_simd.inl">
      <Filter>Pliki nagłówkowe\external\glm\detail</Filter>
    </None>
    <None Include="external\glm\detail\func_trigonometric.inl">
      <Filter>Pliki nagłówkowe\external\glm\detail</Filter>
    </None>
    <None Include="external\glm\detail\func_trigonometric_simd.inl">
      <Filter>Pliki nagłówkowe\external\glm\detail</Filter>
    </None>
    <None Include="external\glm\detail\func_vector_relational.inl">
      <Filter>Pliki nagłówkowe\external\glm\detail</Filter>
    </None>
    <None Include="external\glm\detail\func_vector_relational_simd.inl">
      <Filter>Pliki nagłówkowe\external\glm\detail</Filter>
    </None>
    <None Include="external\glm\detail\type_half.inl">
      <Filter>Pliki nagłówkowe\external\glm\detail</Filter>
    </None>
    <None Include="external\glm\detail\type_mat2x2.inl">
      <Filter>Pliki nagłówkowe\external\glm\detail</Filter>
    </None>
    <None Include="external\glm\detail\type_mat2x3.inl">
      <Filter>Pliki nagłówkowe\external\glm\detail</Filter>
    </None>
    <None Include="external\glm\detail\type_mat2x4.inl">
      <Filter>Pliki nagłówkowe\external\glm\detail</Filter>
    </None>
    <None Include="external\glm\detail\type_mat3x2.inl">
      <Filter>Pliki nagłówkowe\external\glm\detail</Filter>
    </None>
    <None Include="external\glm\detail\type_mat3x3.inl">
      <Filter>Pliki nagłówkowe\external\glm\detail</Filter>
    </None>
    <None Include="external\glm\detail\type_mat3x4.inl">
      <Filter>Pliki nagłówkowe\external\glm\detail</Filter>
    </None>
    <None Include="external\glm\detail\type_mat4x2.inl">
      <Filter>Pliki nagłówkowe\external\glm\detail</Filter>
    </None>
    <None Include="external\glm\detail\type_mat4x3.inl">
      <Filter>Pliki nagłówkowe\external\glm\detail</Filter>
    </None>
    <None Include="external\glm\detail\type_mat4x4.inl">
      <Filter>Pliki nagłówkowe\external\glm\detail</Filter>
    </None>
    <None Include="external\glm\detail\type_mat4x4_simd.inl">
      <Filter>Pliki nagłówkowe\external\glm\detail</Filter>
    </None>
    <None Include="external\glm\detail\type_quat.inl">
      <Filter>Pliki nagłówkowe\external\glm\detail</Filter>
    </None>
    <None Include="external\glm\detail\type_quat_simd.inl">
      <Filter>Pliki nagłówkowe\external\glm\detail</Filter>
    </None>
    <None Include="external\glm\detail\type_vec1.inl">
      <Filter>Pliki nagłówkowe\external\glm\detail</Filter>
    </None>
    <None Include="external\glm\detail\type_vec2.inl">
      <Filter>Pliki nagłówkowe\external\glm\detail</Filter>
    </None>
    <None Include="external\glm\detail\type_vec3.inl">
      <Filter>Pliki nagłówkowe\external\glm\detail</Filter>
    </None>
    <None Include="external\glm\detail\type_vec4.inl">
      <Filter>Pliki nagłówkowe\external\glm\detail</Filter>
    </None>
    <None Include="external\glm\detail\type_vec4_simd.inl">
      <Filter>Pliki nagłówkowe\external\glm\detail</Filter>
    </None>
    <None Include="external\glm\detail\func_common.inl">
      <Filter>Pliki nagłówkowe\external\glm\detail</Filter>
    </None>
    <None Include="external\glm\detail\func_common_simd.inl">
      <Filter>Pliki nagłówkowe\external\glm\detail</Filter>
    </None>
    <None Include="external\glm\detail\func_exponential.inl">
      <Filter>Pliki nagłówkowe\external\glm\detail</Filter>
    </None>
    <None Include="external\glm\detail\func_exponential_simd.inl">
      <Filter>Pliki nagłówkowe\external\glm\detail</Filter>
    </None>
    <None Include="external\glm\detail\func_geometric.inl">
      <Filter>Pliki nagłówkowe\external\glm\detail</Filter>
    </None>
    <None Include="external\glm\detail\func_geometric_simd.inl">
      <Filter>Pliki nagłówkowe\external\glm\detail</Filter>
    </None>
    <None Include="external\glm\detail\func_integer.inl">
      <Filter>Pliki nagłówkowe\external\glm\detail</Filter>
    </None>
  </ItemGroup>
</Project>